
Microsoft Visual Studio Solution File, Format Version 12.00
# Visual Studio Version 16
VisualStudioVersion = 16.0.30611.23
MinimumVisualStudioVersion = 10.0.40219.1
Project("{8BC9CEB8-8B4A-11D0-8D11-00A0C91BC942}") = "Serpant", "Serpant.vcxproj", "{AACED092-3218-427C-AB7F-6AB56FC0AABA}"
EndProject
Global
	GlobalSection(SolutionConfigurationPlatforms) = preSolution
		Debug|x64 = Debug|x64
		Debug|x86 = Debug|x86
		Release|x64 = Release|x64
		Release|x86 = Release|x86
	EndGlobalSection
	GlobalSection(ProjectConfigurationPlatforms) = postSolution
		{AACED092-3218-427C-AB7F-6AB56FC0AABA}.Debug|x64.ActiveCfg = Debug|x64
		{AACED092-3218-427C-AB7F-6AB56FC0AABA}.Debug|x64.Build.0 = Debug|x64
		{AACED092-3218-427C-AB7F-6AB56FC0AABA}.Debug|x86.ActiveCfg = Debug|Win32
		{AACED092-3218-427C-AB7F-6AB56FC0AABA}.Debug|x86.Build.0 = Debug|Win32
		{AACED092-3218-427C-AB7F-6AB56FC0AABA}.Release|x64.ActiveCfg = Release|x64
		{AACED092-3218-427C-AB7F-6AB56FC0AABA}.Release|x64.Build.0 = Release|x64
		{AACED092-3218-427C-AB7F-6AB56FC0AABA}.Release|x86.ActiveCfg = Release|Win32
		{AACED092-3218-427C-AB7F-6AB56FC0AABA}.Release|x86.Build.0 = Release|Win32
	EndGlobalSection
	GlobalSection(SolutionProperties) = preSolution
		HideSolutionNode = FALSE
	EndGlobalSection
	GlobalSection(ExtensibilityGlobals) = postSolution
		SolutionGuid = {6EB5FF6D-14EF-430F-99B9-473BCCF333D8}
	EndGlobalSection
EndGlobal
